// !$*UTF8*$!
{
	archiveVersion = 1;
	classes = {
	};
	objectVersion = 46;
	objects = {

/* Begin PBXBuildFile section */
		CD32729A1C4925D500B61B05 /* MJDiscoverViewController.m in Sources */ = {isa = PBXBuildFile; fileRef = CD3272771C4925D500B61B05 /* MJDiscoverViewController.m */; };
		CD32729B1C4925D500B61B05 /* MJHomeViewController.m in Sources */ = {isa = PBXBuildFile; fileRef = CD32727D1C4925D500B61B05 /* MJHomeViewController.m */; };
		CD32729C1C4925D500B61B05 /* UIView+Extension.m in Sources */ = {isa = PBXBuildFile; fileRef = CD3272831C4925D500B61B05 /* UIView+Extension.m */; };
		CD32729E1C4925D500B61B05 /* MJNavigationController.m in Sources */ = {isa = PBXBuildFile; fileRef = CD3272881C4925D500B61B05 /* MJNavigationController.m */; };
		CD32729F1C4925D500B61B05 /* MJTabBarController.m in Sources */ = {isa = PBXBuildFile; fileRef = CD32728A1C4925D500B61B05 /* MJTabBarController.m */; };
		CD3272A01C4925D500B61B05 /* MJMessageViewController.m in Sources */ = {isa = PBXBuildFile; fileRef = CD3272911C4925D500B61B05 /* MJMessageViewController.m */; };
		CD3272A11C4925D500B61B05 /* MJProfileViewController.m in Sources */ = {isa = PBXBuildFile; fileRef = CD3272971C4925D500B61B05 /* MJProfileViewController.m */; };
		CD3272A41C492EA900B61B05 /* UIBarButtonItem+Extension.m in Sources */ = {isa = PBXBuildFile; fileRef = CD3272A31C492EA900B61B05 /* UIBarButtonItem+Extension.m */; };
		CD3272A91C49524800B61B05 /* AppDelegate.m in Sources */ = {isa = PBXBuildFile; fileRef = CD3272A71C49524800B61B05 /* AppDelegate.m */; };
		CD3272AA1C49524800B61B05 /* main.m in Sources */ = {isa = PBXBuildFile; fileRef = CD3272A81C49524800B61B05 /* main.m */; };
		CD6497FC1C4677B100C6BCB7 /* MJTest1ViewController.m in Sources */ = {isa = PBXBuildFile; fileRef = CD6497FA1C4677B100C6BCB7 /* MJTest1ViewController.m */; };
		CD6497FD1C4677B100C6BCB7 /* MJTest1ViewController.xib in Resources */ = {isa = PBXBuildFile; fileRef = CD6497FB1C4677B100C6BCB7 /* MJTest1ViewController.xib */; };
		CDA709EA1C48D0BC0045C746 /* MJTest2ViewController.m in Sources */ = {isa = PBXBuildFile; fileRef = CDA709E81C48D0BC0045C746 /* MJTest2ViewController.m */; };
		CDA709EB1C48D0BC0045C746 /* MJTest2ViewController.xib in Resources */ = {isa = PBXBuildFile; fileRef = CDA709E91C48D0BC0045C746 /* MJTest2ViewController.xib */; };
		CDCFCAD61C451E5F00CE30CC /* Images.xcassets in Resources */ = {isa = PBXBuildFile; fileRef = CDCFCAD51C451E5F00CE30CC /* Images.xcassets */; };
		CDCFCAD91C451E5F00CE30CC /* LaunchScreen.xib in Resources */ = {isa = PBXBuildFile; fileRef = CDCFCAD71C451E5F00CE30CC /* LaunchScreen.xib */; };
		CDCFCAE51C451E6000CE30CC /* MJWeiBoTests.m in Sources */ = {isa = PBXBuildFile; fileRef = CDCFCAE41C451E6000CE30CC /* MJWeiBoTests.m */; };
		CDD609301C4D0321005FCC92 /* MJSearchBar.m in Sources */ = {isa = PBXBuildFile; fileRef = CDD6092F1C4D0321005FCC92 /* MJSearchBar.m */; };
		CDD609361C4D11D7005FCC92 /* MJTitleViewController.m in Sources */ = {isa = PBXBuildFile; fileRef = CDD609351C4D11D7005FCC92 /* MJTitleViewController.m */; };
		CDF915501C4DC0E1005C287F /* MJDropDownMenu.m in Sources */ = {isa = PBXBuildFile; fileRef = CDF9154F1C4DC0E1005C287F /* MJDropDownMenu.m */; };
		CDF915521C4DC131005C287F /* MJDropDownMenu.bundle in Resources */ = {isa = PBXBuildFile; fileRef = CDF915511C4DC131005C287F /* MJDropDownMenu.bundle */; };
		CDF915551C4DCDAC005C287F /* MJTabBar.m in Sources */ = {isa = PBXBuildFile; fileRef = CDF915541C4DCDAC005C287F /* MJTabBar.m */; };
/* End PBXBuildFile section */

/* Begin PBXContainerItemProxy section */
		CDCFCADF1C451E6000CE30CC /* PBXContainerItemProxy */ = {
			isa = PBXContainerItemProxy;
			containerPortal = CDCFCABD1C451E5F00CE30CC /* Project object */;
			proxyType = 1;
			remoteGlobalIDString = CDCFCAC41C451E5F00CE30CC;
			remoteInfo = MJWeiBo;
		};
/* End PBXContainerItemProxy section */

/* Begin PBXFileReference section */
		CD3272761C4925D500B61B05 /* MJDiscoverViewController.h */ = {isa = PBXFileReference; fileEncoding = 4; lastKnownFileType = sourcecode.c.h; path = MJDiscoverViewController.h; sourceTree = "<group>"; };
		CD3272771C4925D500B61B05 /* MJDiscoverViewController.m */ = {isa = PBXFileReference; fileEncoding = 4; lastKnownFileType = sourcecode.c.objc; path = MJDiscoverViewController.m; sourceTree = "<group>"; };
		CD32727C1C4925D500B61B05 /* MJHomeViewController.h */ = {isa = PBXFileReference; fileEncoding = 4; lastKnownFileType = sourcecode.c.h; path = MJHomeViewController.h; sourceTree = "<group>"; };
		CD32727D1C4925D500B61B05 /* MJHomeViewController.m */ = {isa = PBXFileReference; fileEncoding = 4; lastKnownFileType = sourcecode.c.objc; path = MJHomeViewController.m; sourceTree = "<group>"; };
		CD3272821C4925D500B61B05 /* UIView+Extension.h */ = {isa = PBXFileReference; fileEncoding = 4; lastKnownFileType = sourcecode.c.h; path = "UIView+Extension.h"; sourceTree = "<group>"; };
		CD3272831C4925D500B61B05 /* UIView+Extension.m */ = {isa = PBXFileReference; fileEncoding = 4; lastKnownFileType = sourcecode.c.objc; path = "UIView+Extension.m"; sourceTree = "<group>"; };
		CD3272871C4925D500B61B05 /* MJNavigationController.h */ = {isa = PBXFileReference; fileEncoding = 4; lastKnownFileType = sourcecode.c.h; path = MJNavigationController.h; sourceTree = "<group>"; };
		CD3272881C4925D500B61B05 /* MJNavigationController.m */ = {isa = PBXFileReference; fileEncoding = 4; lastKnownFileType = sourcecode.c.objc; path = MJNavigationController.m; sourceTree = "<group>"; };
		CD3272891C4925D500B61B05 /* MJTabBarController.h */ = {isa = PBXFileReference; fileEncoding = 4; lastKnownFileType = sourcecode.c.h; path = MJTabBarController.h; sourceTree = "<group>"; };
		CD32728A1C4925D500B61B05 /* MJTabBarController.m */ = {isa = PBXFileReference; fileEncoding = 4; lastKnownFileType = sourcecode.c.objc; path = MJTabBarController.m; sourceTree = "<group>"; };
		CD3272901C4925D500B61B05 /* MJMessageViewController.h */ = {isa = PBXFileReference; fileEncoding = 4; lastKnownFileType = sourcecode.c.h; path = MJMessageViewController.h; sourceTree = "<group>"; };
		CD3272911C4925D500B61B05 /* MJMessageViewController.m */ = {isa = PBXFileReference; fileEncoding = 4; lastKnownFileType = sourcecode.c.objc; path = MJMessageViewController.m; sourceTree = "<group>"; };
		CD3272961C4925D500B61B05 /* MJProfileViewController.h */ = {isa = PBXFileReference; fileEncoding = 4; lastKnownFileType = sourcecode.c.h; path = MJProfileViewController.h; sourceTree = "<group>"; };
		CD3272971C4925D500B61B05 /* MJProfileViewController.m */ = {isa = PBXFileReference; fileEncoding = 4; lastKnownFileType = sourcecode.c.objc; path = MJProfileViewController.m; sourceTree = "<group>"; };
		CD3272A21C492EA900B61B05 /* UIBarButtonItem+Extension.h */ = {isa = PBXFileReference; fileEncoding = 4; lastKnownFileType = sourcecode.c.h; path = "UIBarButtonItem+Extension.h"; sourceTree = "<group>"; };
		CD3272A31C492EA900B61B05 /* UIBarButtonItem+Extension.m */ = {isa = PBXFileReference; fileEncoding = 4; lastKnownFileType = sourcecode.c.objc; path = "UIBarButtonItem+Extension.m"; sourceTree = "<group>"; };
		CD3272A61C49524800B61B05 /* AppDelegate.h */ = {isa = PBXFileReference; fileEncoding = 4; lastKnownFileType = sourcecode.c.h; path = AppDelegate.h; sourceTree = "<group>"; };
		CD3272A71C49524800B61B05 /* AppDelegate.m */ = {isa = PBXFileReference; fileEncoding = 4; lastKnownFileType = sourcecode.c.objc; path = AppDelegate.m; sourceTree = "<group>"; };
		CD3272A81C49524800B61B05 /* main.m */ = {isa = PBXFileReference; fileEncoding = 4; lastKnownFileType = sourcecode.c.objc; path = main.m; sourceTree = "<group>"; };
		CD6497E91C46657700C6BCB7 /* MJWeiBo.pch */ = {isa = PBXFileReference; fileEncoding = 4; lastKnownFileType = sourcecode.c.h; path = MJWeiBo.pch; sourceTree = "<group>"; };
		CD6497F91C4677B100C6BCB7 /* MJTest1ViewController.h */ = {isa = PBXFileReference; fileEncoding = 4; lastKnownFileType = sourcecode.c.h; path = MJTest1ViewController.h; sourceTree = "<group>"; };
		CD6497FA1C4677B100C6BCB7 /* MJTest1ViewController.m */ = {isa = PBXFileReference; fileEncoding = 4; lastKnownFileType = sourcecode.c.objc; path = MJTest1ViewController.m; sourceTree = "<group>"; };
		CD6497FB1C4677B100C6BCB7 /* MJTest1ViewController.xib */ = {isa = PBXFileReference; fileEncoding = 4; lastKnownFileType = file.xib; path = MJTest1ViewController.xib; sourceTree = "<group>"; };
		CDA709E71C48D0BC0045C746 /* MJTest2ViewController.h */ = {isa = PBXFileReference; fileEncoding = 4; lastKnownFileType = sourcecode.c.h; path = MJTest2ViewController.h; sourceTree = "<group>"; };
		CDA709E81C48D0BC0045C746 /* MJTest2ViewController.m */ = {isa = PBXFileReference; fileEncoding = 4; lastKnownFileType = sourcecode.c.objc; path = MJTest2ViewController.m; sourceTree = "<group>"; };
		CDA709E91C48D0BC0045C746 /* MJTest2ViewController.xib */ = {isa = PBXFileReference; fileEncoding = 4; lastKnownFileType = file.xib; path = MJTest2ViewController.xib; sourceTree = "<group>"; };
		CDCFCAC51C451E5F00CE30CC /* MJWeiBo.app */ = {isa = PBXFileReference; explicitFileType = wrapper.application; includeInIndex = 0; path = MJWeiBo.app; sourceTree = BUILT_PRODUCTS_DIR; };
		CDCFCAC91C451E5F00CE30CC /* Info.plist */ = {isa = PBXFileReference; lastKnownFileType = text.plist.xml; path = Info.plist; sourceTree = "<group>"; };
		CDCFCAD51C451E5F00CE30CC /* Images.xcassets */ = {isa = PBXFileReference; lastKnownFileType = folder.assetcatalog; path = Images.xcassets; sourceTree = "<group>"; };
		CDCFCAD81C451E5F00CE30CC /* Base */ = {isa = PBXFileReference; lastKnownFileType = file.xib; name = Base; path = Base.lproj/LaunchScreen.xib; sourceTree = "<group>"; };
		CDCFCADE1C451E6000CE30CC /* MJWeiBoTests.xctest */ = {isa = PBXFileReference; explicitFileType = wrapper.cfbundle; includeInIndex = 0; path = MJWeiBoTests.xctest; sourceTree = BUILT_PRODUCTS_DIR; };
		CDCFCAE31C451E6000CE30CC /* Info.plist */ = {isa = PBXFileReference; lastKnownFileType = text.plist.xml; path = Info.plist; sourceTree = "<group>"; };
		CDCFCAE41C451E6000CE30CC /* MJWeiBoTests.m */ = {isa = PBXFileReference; lastKnownFileType = sourcecode.c.objc; path = MJWeiBoTests.m; sourceTree = "<group>"; };
		CDD6092E1C4D0321005FCC92 /* MJSearchBar.h */ = {isa = PBXFileReference; fileEncoding = 4; lastKnownFileType = sourcecode.c.h; path = MJSearchBar.h; sourceTree = "<group>"; };
		CDD6092F1C4D0321005FCC92 /* MJSearchBar.m */ = {isa = PBXFileReference; fileEncoding = 4; lastKnownFileType = sourcecode.c.objc; path = MJSearchBar.m; sourceTree = "<group>"; };
		CDD609341C4D11D7005FCC92 /* MJTitleViewController.h */ = {isa = PBXFileReference; fileEncoding = 4; lastKnownFileType = sourcecode.c.h; path = MJTitleViewController.h; sourceTree = "<group>"; };
		CDD609351C4D11D7005FCC92 /* MJTitleViewController.m */ = {isa = PBXFileReference; fileEncoding = 4; lastKnownFileType = sourcecode.c.objc; path = MJTitleViewController.m; sourceTree = "<group>"; };
		CDF9154E1C4DC0E1005C287F /* MJDropDownMenu.h */ = {isa = PBXFileReference; fileEncoding = 4; lastKnownFileType = sourcecode.c.h; path = MJDropDownMenu.h; sourceTree = "<group>"; };
		CDF9154F1C4DC0E1005C287F /* MJDropDownMenu.m */ = {isa = PBXFileReference; fileEncoding = 4; lastKnownFileType = sourcecode.c.objc; path = MJDropDownMenu.m; sourceTree = "<group>"; };
		CDF915511C4DC131005C287F /* MJDropDownMenu.bundle */ = {isa = PBXFileReference; lastKnownFileType = "wrapper.plug-in"; path = MJDropDownMenu.bundle; sourceTree = "<group>"; };
		CDF915531C4DCDAC005C287F /* MJTabBar.h */ = {isa = PBXFileReference; fileEncoding = 4; lastKnownFileType = sourcecode.c.h; path = MJTabBar.h; sourceTree = "<group>"; };
		CDF915541C4DCDAC005C287F /* MJTabBar.m */ = {isa = PBXFileReference; fileEncoding = 4; lastKnownFileType = sourcecode.c.objc; path = MJTabBar.m; sourceTree = "<group>"; };
/* End PBXFileReference section */

/* Begin PBXFrameworksBuildPhase section */
		CDCFCAC21C451E5F00CE30CC /* Frameworks */ = {
			isa = PBXFrameworksBuildPhase;
			buildActionMask = 2147483647;
			files = (
			);
			runOnlyForDeploymentPostprocessing = 0;
		};
		CDCFCADB1C451E6000CE30CC /* Frameworks */ = {
			isa = PBXFrameworksBuildPhase;
			buildActionMask = 2147483647;
			files = (
			);
			runOnlyForDeploymentPostprocessing = 0;
		};
/* End PBXFrameworksBuildPhase section */

/* Begin PBXGroup section */
		CD3272731C4925D500B61B05 /* classes */ = {
			isa = PBXGroup;
			children = (
				CD3272741C4925D500B61B05 /* discover(发现) */,
				CD32727A1C4925D500B61B05 /* home(首页) */,
				CD3272801C4925D500B61B05 /* main */,
				CD32728E1C4925D500B61B05 /* messageCenter(消息) */,
				CD3272941C4925D500B61B05 /* profile(我) */,
			);
			path = classes;
			sourceTree = "<group>";
		};
		CD3272741C4925D500B61B05 /* discover(发现) */ = {
			isa = PBXGroup;
			children = (
				CD3272751C4925D500B61B05 /* controllers */,
				CD3272781C4925D500B61B05 /* models */,
				CD3272791C4925D500B61B05 /* views */,
			);
			path = "discover(发现)";
			sourceTree = "<group>";
		};
		CD3272751C4925D500B61B05 /* controllers */ = {
			isa = PBXGroup;
			children = (
				CD3272761C4925D500B61B05 /* MJDiscoverViewController.h */,
				CD3272771C4925D500B61B05 /* MJDiscoverViewController.m */,
			);
			path = controllers;
			sourceTree = "<group>";
		};
		CD3272781C4925D500B61B05 /* models */ = {
			isa = PBXGroup;
			children = (
			);
			path = models;
			sourceTree = "<group>";
		};
		CD3272791C4925D500B61B05 /* views */ = {
			isa = PBXGroup;
			children = (
			);
			path = views;
			sourceTree = "<group>";
		};
		CD32727A1C4925D500B61B05 /* home(首页) */ = {
			isa = PBXGroup;
			children = (
				CD32727B1C4925D500B61B05 /* controllers */,
				CD32727E1C4925D500B61B05 /* models */,
				CD32727F1C4925D500B61B05 /* views */,
			);
			path = "home(首页)";
			sourceTree = "<group>";
		};
		CD32727B1C4925D500B61B05 /* controllers */ = {
			isa = PBXGroup;
			children = (
				CD32727C1C4925D500B61B05 /* MJHomeViewController.h */,
				CD32727D1C4925D500B61B05 /* MJHomeViewController.m */,
				CDD609341C4D11D7005FCC92 /* MJTitleViewController.h */,
				CDD609351C4D11D7005FCC92 /* MJTitleViewController.m */,
			);
			path = controllers;
			sourceTree = "<group>";
		};
		CD32727E1C4925D500B61B05 /* models */ = {
			isa = PBXGroup;
			children = (
			);
			path = models;
			sourceTree = "<group>";
		};
		CD32727F1C4925D500B61B05 /* views */ = {
			isa = PBXGroup;
			children = (
			);
			path = views;
			sourceTree = "<group>";
		};
		CD3272801C4925D500B61B05 /* main */ = {
			isa = PBXGroup;
			children = (
				CD3272A51C49524800B61B05 /* other */,
				CD3272811C4925D500B61B05 /* category */,
				CD3272841C4925D500B61B05 /* controllers */,
				CD32728B1C4925D500B61B05 /* libs */,
				CD32728D1C4925D500B61B05 /* views */,
			);
			path = main;
			sourceTree = "<group>";
		};
		CD3272811C4925D500B61B05 /* category */ = {
			isa = PBXGroup;
			children = (
				CD3272821C4925D500B61B05 /* UIView+Extension.h */,
				CD3272831C4925D500B61B05 /* UIView+Extension.m */,
				CD3272A21C492EA900B61B05 /* UIBarButtonItem+Extension.h */,
				CD3272A31C492EA900B61B05 /* UIBarButtonItem+Extension.m */,
			);
			path = category;
			sourceTree = "<group>";
		};
		CD3272841C4925D500B61B05 /* controllers */ = {
			isa = PBXGroup;
			children = (
				CD3272871C4925D500B61B05 /* MJNavigationController.h */,
				CD3272881C4925D500B61B05 /* MJNavigationController.m */,
				CD3272891C4925D500B61B05 /* MJTabBarController.h */,
				CD32728A1C4925D500B61B05 /* MJTabBarController.m */,
			);
			path = controllers;
			sourceTree = "<group>";
		};
		CD32728B1C4925D500B61B05 /* libs */ = {
			isa = PBXGroup;
			children = (
			);
			path = libs;
			sourceTree = "<group>";
		};
		CD32728D1C4925D500B61B05 /* views */ = {
			isa = PBXGroup;
			children = (
				CDD6092E1C4D0321005FCC92 /* MJSearchBar.h */,
				CDD6092F1C4D0321005FCC92 /* MJSearchBar.m */,
				CDF9154E1C4DC0E1005C287F /* MJDropDownMenu.h */,
				CDF9154F1C4DC0E1005C287F /* MJDropDownMenu.m */,
				CDF915511C4DC131005C287F /* MJDropDownMenu.bundle */,
				CDF915531C4DCDAC005C287F /* MJTabBar.h */,
				CDF915541C4DCDAC005C287F /* MJTabBar.m */,
			);
			path = views;
			sourceTree = "<group>";
		};
		CD32728E1C4925D500B61B05 /* messageCenter(消息) */ = {
			isa = PBXGroup;
			children = (
				CD32728F1C4925D500B61B05 /* controllers */,
				CD3272921C4925D500B61B05 /* models */,
				CD3272931C4925D500B61B05 /* views */,
			);
			path = "messageCenter(消息)";
			sourceTree = "<group>";
		};
		CD32728F1C4925D500B61B05 /* controllers */ = {
			isa = PBXGroup;
			children = (
				CD3272901C4925D500B61B05 /* MJMessageViewController.h */,
				CD3272911C4925D500B61B05 /* MJMessageViewController.m */,
			);
			path = controllers;
			sourceTree = "<group>";
		};
		CD3272921C4925D500B61B05 /* models */ = {
			isa = PBXGroup;
			children = (
			);
			path = models;
			sourceTree = "<group>";
		};
		CD3272931C4925D500B61B05 /* views */ = {
			isa = PBXGroup;
			children = (
			);
			path = views;
			sourceTree = "<group>";
		};
		CD3272941C4925D500B61B05 /* profile(我) */ = {
			isa = PBXGroup;
			children = (
				CD3272951C4925D500B61B05 /* controllers */,
				CD3272981C4925D500B61B05 /* models */,
				CD3272991C4925D500B61B05 /* views */,
			);
			path = "profile(我)";
			sourceTree = "<group>";
		};
		CD3272951C4925D500B61B05 /* controllers */ = {
			isa = PBXGroup;
			children = (
				CD3272961C4925D500B61B05 /* MJProfileViewController.h */,
				CD3272971C4925D500B61B05 /* MJProfileViewController.m */,
			);
			path = controllers;
			sourceTree = "<group>";
		};
		CD3272981C4925D500B61B05 /* models */ = {
			isa = PBXGroup;
			children = (
			);
			path = models;
			sourceTree = "<group>";
		};
		CD3272991C4925D500B61B05 /* views */ = {
			isa = PBXGroup;
			children = (
			);
			path = views;
			sourceTree = "<group>";
		};
		CD3272A51C49524800B61B05 /* other */ = {
			isa = PBXGroup;
			children = (
				CD3272A61C49524800B61B05 /* AppDelegate.h */,
				CD3272A71C49524800B61B05 /* AppDelegate.m */,
				CD3272A81C49524800B61B05 /* main.m */,
			);
			path = other;
			sourceTree = "<group>";
		};
		CDCFCABC1C451E5F00CE30CC = {
			isa = PBXGroup;
			children = (
				CDCFCAC71C451E5F00CE30CC /* MJWeiBo */,
				CDCFCAE11C451E6000CE30CC /* MJWeiBoTests */,
				CDCFCAC61C451E5F00CE30CC /* Products */,
			);
			sourceTree = "<group>";
		};
		CDCFCAC61C451E5F00CE30CC /* Products */ = {
			isa = PBXGroup;
			children = (
				CDCFCAC51C451E5F00CE30CC /* MJWeiBo.app */,
				CDCFCADE1C451E6000CE30CC /* MJWeiBoTests.xctest */,
			);
			name = Products;
			sourceTree = "<group>";
		};
		CDCFCAC71C451E5F00CE30CC /* MJWeiBo */ = {
			isa = PBXGroup;
			children = (
				CD3272731C4925D500B61B05 /* classes */,
				CD6497F91C4677B100C6BCB7 /* MJTest1ViewController.h */,
				CD6497FA1C4677B100C6BCB7 /* MJTest1ViewController.m */,
				CD6497FB1C4677B100C6BCB7 /* MJTest1ViewController.xib */,
				CDA709E71C48D0BC0045C746 /* MJTest2ViewController.h */,
				CDA709E81C48D0BC0045C746 /* MJTest2ViewController.m */,
				CDA709E91C48D0BC0045C746 /* MJTest2ViewController.xib */,
				CDCFCAC81C451E5F00CE30CC /* Supporting Files */,
			);
			path = MJWeiBo;
			sourceTree = "<group>";
		};
		CDCFCAC81C451E5F00CE30CC /* Supporting Files */ = {
			isa = PBXGroup;
			children = (
				CD6497E91C46657700C6BCB7 /* MJWeiBo.pch */,
				CDCFCAD51C451E5F00CE30CC /* Images.xcassets */,
				CDCFCAD71C451E5F00CE30CC /* LaunchScreen.xib */,
				CDCFCAC91C451E5F00CE30CC /* Info.plist */,
			);
			name = "Supporting Files";
			sourceTree = "<group>";
		};
		CDCFCAE11C451E6000CE30CC /* MJWeiBoTests */ = {
			isa = PBXGroup;
			children = (
				CDCFCAE41C451E6000CE30CC /* MJWeiBoTests.m */,
				CDCFCAE21C451E6000CE30CC /* Supporting Files */,
			);
			path = MJWeiBoTests;
			sourceTree = "<group>";
		};
		CDCFCAE21C451E6000CE30CC /* Supporting Files */ = {
			isa = PBXGroup;
			children = (
				CDCFCAE31C451E6000CE30CC /* Info.plist */,
			);
			name = "Supporting Files";
			sourceTree = "<group>";
		};
/* End PBXGroup section */

/* Begin PBXNativeTarget section */
		CDCFCAC41C451E5F00CE30CC /* MJWeiBo */ = {
			isa = PBXNativeTarget;
			buildConfigurationList = CDCFCAE81C451E6000CE30CC /* Build configuration list for PBXNativeTarget "MJWeiBo" */;
			buildPhases = (
				CDCFCAC11C451E5F00CE30CC /* Sources */,
				CDCFCAC21C451E5F00CE30CC /* Frameworks */,
				CDCFCAC31C451E5F00CE30CC /* Resources */,
			);
			buildRules = (
			);
			dependencies = (
			);
			name = MJWeiBo;
			productName = MJWeiBo;
			productReference = CDCFCAC51C451E5F00CE30CC /* MJWeiBo.app */;
			productType = "com.apple.product-type.application";
		};
		CDCFCADD1C451E6000CE30CC /* MJWeiBoTests */ = {
			isa = PBXNativeTarget;
			buildConfigurationList = CDCFCAEB1C451E6000CE30CC /* Build configuration list for PBXNativeTarget "MJWeiBoTests" */;
			buildPhases = (
				CDCFCADA1C451E6000CE30CC /* Sources */,
				CDCFCADB1C451E6000CE30CC /* Frameworks */,
				CDCFCADC1C451E6000CE30CC /* Resources */,
			);
			buildRules = (
			);
			dependencies = (
				CDCFCAE01C451E6000CE30CC /* PBXTargetDependency */,
			);
			name = MJWeiBoTests;
			productName = MJWeiBoTests;
			productReference = CDCFCADE1C451E6000CE30CC /* MJWeiBoTests.xctest */;
			productType = "com.apple.product-type.bundle.unit-test";
		};
/* End PBXNativeTarget section */

/* Begin PBXProject section */
		CDCFCABD1C451E5F00CE30CC /* Project object */ = {
			isa = PBXProject;
			attributes = {
				CLASSPREFIX = MJ;
				LastUpgradeCheck = 0630;
				ORGANIZATIONNAME = Mooney_wang;
				TargetAttributes = {
					CDCFCAC41C451E5F00CE30CC = {
						CreatedOnToolsVersion = 6.3.2;
					};
					CDCFCADD1C451E6000CE30CC = {
						CreatedOnToolsVersion = 6.3.2;
						TestTargetID = CDCFCAC41C451E5F00CE30CC;
					};
				};
			};
			buildConfigurationList = CDCFCAC01C451E5F00CE30CC /* Build configuration list for PBXProject "MJWeiBo" */;
			compatibilityVersion = "Xcode 3.2";
			developmentRegion = English;
			hasScannedForEncodings = 0;
			knownRegions = (
				en,
				Base,
			);
			mainGroup = CDCFCABC1C451E5F00CE30CC;
			productRefGroup = CDCFCAC61C451E5F00CE30CC /* Products */;
			projectDirPath = "";
			projectRoot = "";
			targets = (
				CDCFCAC41C451E5F00CE30CC /* MJWeiBo */,
				CDCFCADD1C451E6000CE30CC /* MJWeiBoTests */,
			);
		};
/* End PBXProject section */

/* Begin PBXResourcesBuildPhase section */
		CDCFCAC31C451E5F00CE30CC /* Resources */ = {
			isa = PBXResourcesBuildPhase;
			buildActionMask = 2147483647;
			files = (
				CDCFCAD91C451E5F00CE30CC /* LaunchScreen.xib in Resources */,
				CD6497FD1C4677B100C6BCB7 /* MJTest1ViewController.xib in Resources */,
				CDF915521C4DC131005C287F /* MJDropDownMenu.bundle in Resources */,
				CDA709EB1C48D0BC0045C746 /* MJTest2ViewController.xib in Resources */,
				CDCFCAD61C451E5F00CE30CC /* Images.xcassets in Resources */,
			);
			runOnlyForDeploymentPostprocessing = 0;
		};
		CDCFCADC1C451E6000CE30CC /* Resources */ = {
			isa = PBXResourcesBuildPhase;
			buildActionMask = 2147483647;
			files = (
			);
			runOnlyForDeploymentPostprocessing = 0;
		};
/* End PBXResourcesBuildPhase section */

/* Begin PBXSourcesBuildPhase section */
		CDCFCAC11C451E5F00CE30CC /* Sources */ = {
			isa = PBXSourcesBuildPhase;
			buildActionMask = 2147483647;
			files = (
				CD3272A41C492EA900B61B05 /* UIBarButtonItem+Extension.m in Sources */,
				CD3272A11C4925D500B61B05 /* MJProfileViewController.m in Sources */,
				CD32729C1C4925D500B61B05 /* UIView+Extension.m in Sources */,
				CD6497FC1C4677B100C6BCB7 /* MJTest1ViewController.m in Sources */,
				CD32729F1C4925D500B61B05 /* MJTabBarController.m in Sources */,
				CD32729A1C4925D500B61B05 /* MJDiscoverViewController.m in Sources */,
				CD3272A91C49524800B61B05 /* AppDelegate.m in Sources */,
				CD3272A01C4925D500B61B05 /* MJMessageViewController.m in Sources */,
				CDF915551C4DCDAC005C287F /* MJTabBar.m in Sources */,
				CDA709EA1C48D0BC0045C746 /* MJTest2ViewController.m in Sources */,
				CDD609361C4D11D7005FCC92 /* MJTitleViewController.m in Sources */,
				CD32729B1C4925D500B61B05 /* MJHomeViewController.m in Sources */,
				CD32729E1C4925D500B61B05 /* MJNavigationController.m in Sources */,
				CD3272AA1C49524800B61B05 /* main.m in Sources */,
				CDD609301C4D0321005FCC92 /* MJSearchBar.m in Sources */,
				CDF915501C4DC0E1005C287F /* MJDropDownMenu.m in Sources */,
			);
			runOnlyForDeploymentPostprocessing = 0;
		};
		CDCFCADA1C451E6000CE30CC /* Sources */ = {
			isa = PBXSourcesBuildPhase;
			buildActionMask = 2147483647;
			files = (
				CDCFCAE51C451E6000CE30CC /* MJWeiBoTests.m in Sources */,
			);
			runOnlyForDeploymentPostprocessing = 0;
		};
/* End PBXSourcesBuildPhase section */

/* Begin PBXTargetDependency section */
		CDCFCAE01C451E6000CE30CC /* PBXTargetDependency */ = {
			isa = PBXTargetDependency;
			target = CDCFCAC41C451E5F00CE30CC /* MJWeiBo */;
			targetProxy = CDCFCADF1C451E6000CE30CC /* PBXContainerItemProxy */;
		};
/* End PBXTargetDependency section */

/* Begin PBXVariantGroup section */
		CDCFCAD71C451E5F00CE30CC /* LaunchScreen.xib */ = {
			isa = PBXVariantGroup;
			children = (
				CDCFCAD81C451E5F00CE30CC /* Base */,
			);
			name = LaunchScreen.xib;
			sourceTree = "<group>";
		};
/* End PBXVariantGroup section */

/* Begin XCBuildConfiguration section */
		CDCFCAE61C451E6000CE30CC /* Debug */ = {
			isa = XCBuildConfiguration;
			buildSettings = {
				ALWAYS_SEARCH_USER_PATHS = NO;
				CLANG_CXX_LANGUAGE_STANDARD = "gnu++0x";
				CLANG_CXX_LIBRARY = "libc++";
				CLANG_ENABLE_MODULES = YES;
				CLANG_ENABLE_OBJC_ARC = YES;
				CLANG_WARN_BOOL_CONVERSION = YES;
				CLANG_WARN_CONSTANT_CONVERSION = YES;
				CLANG_WARN_DIRECT_OBJC_ISA_USAGE = YES_ERROR;
				CLANG_WARN_EMPTY_BODY = YES;
				CLANG_WARN_ENUM_CONVERSION = YES;
				CLANG_WARN_INT_CONVERSION = YES;
				CLANG_WARN_OBJC_ROOT_CLASS = YES_ERROR;
				CLANG_WARN_UNREACHABLE_CODE = YES;
				CLANG_WARN__DUPLICATE_METHOD_MATCH = YES;
				"CODE_SIGN_IDENTITY[sdk=iphoneos*]" = "iPhone Developer";
				COPY_PHASE_STRIP = NO;
				DEBUG_INFORMATION_FORMAT = "dwarf-with-dsym";
				ENABLE_STRICT_OBJC_MSGSEND = YES;
				GCC_C_LANGUAGE_STANDARD = gnu99;
				GCC_DYNAMIC_NO_PIC = NO;
				GCC_NO_COMMON_BLOCKS = YES;
				GCC_OPTIMIZATION_LEVEL = 0;
				GCC_PREPROCESSOR_DEFINITIONS = (
					"DEBUG=1",
					"$(inherited)",
				);
				GCC_SYMBOLS_PRIVATE_EXTERN = NO;
				GCC_WARN_64_TO_32_BIT_CONVERSION = YES;
				GCC_WARN_ABOUT_RETURN_TYPE = YES_ERROR;
				GCC_WARN_UNDECLARED_SELECTOR = YES;
				GCC_WARN_UNINITIALIZED_AUTOS = YES_AGGRESSIVE;
				GCC_WARN_UNUSED_FUNCTION = YES;
				GCC_WARN_UNUSED_VARIABLE = YES;
				IPHONEOS_DEPLOYMENT_TARGET = 8.3;
				MTL_ENABLE_DEBUG_INFO = YES;
				ONLY_ACTIVE_ARCH = YES;
				SDKROOT = iphoneos;
			};
			name = Debug;
		};
		CDCFCAE71C451E6000CE30CC /* Release */ = {
			isa = XCBuildConfiguration;
			buildSettings = {
				ALWAYS_SEARCH_USER_PATHS = NO;
				CLANG_CXX_LANGUAGE_STANDARD = "gnu++0x";
				CLANG_CXX_LIBRARY = "libc++";
				CLANG_ENABLE_MODULES = YES;
				CLANG_ENABLE_OBJC_ARC = YES;
				CLANG_WARN_BOOL_CONVERSION = YES;
				CLANG_WARN_CONSTANT_CONVERSION = YES;
				CLANG_WARN_DIRECT_OBJC_ISA_USAGE = YES_ERROR;
				CLANG_WARN_EMPTY_BODY = YES;
				CLANG_WARN_ENUM_CONVERSION = YES;
				CLANG_WARN_INT_CONVERSION = YES;
				CLANG_WARN_OBJC_ROOT_CLASS = YES_ERROR;
				CLANG_WARN_UNREACHABLE_CODE = YES;
				CLANG_WARN__DUPLICATE_METHOD_MATCH = YES;
				"CODE_SIGN_IDENTITY[sdk=iphoneos*]" = "iPhone Developer";
				COPY_PHASE_STRIP = NO;
				DEBUG_INFORMATION_FORMAT = "dwarf-with-dsym";
				ENABLE_NS_ASSERTIONS = NO;
				ENABLE_STRICT_OBJC_MSGSEND = YES;
				GCC_C_LANGUAGE_STANDARD = gnu99;
				GCC_NO_COMMON_BLOCKS = YES;
				GCC_WARN_64_TO_32_BIT_CONVERSION = YES;
				GCC_WARN_ABOUT_RETURN_TYPE = YES_ERROR;
				GCC_WARN_UNDECLARED_SELECTOR = YES;
				GCC_WARN_UNINITIALIZED_AUTOS = YES_AGGRESSIVE;
				GCC_WARN_UNUSED_FUNCTION = YES;
				GCC_WARN_UNUSED_VARIABLE = YES;
				IPHONEOS_DEPLOYMENT_TARGET = 8.3;
				MTL_ENABLE_DEBUG_INFO = NO;
				SDKROOT = iphoneos;
				VALIDATE_PRODUCT = YES;
			};
			name = Release;
		};
		CDCFCAE91C451E6000CE30CC /* Debug */ = {
			isa = XCBuildConfiguration;
			buildSettings = {
				ASSETCATALOG_COMPILER_APPICON_NAME = AppIcon;
				ASSETCATALOG_COMPILER_LAUNCHIMAGE_NAME = LaunchImage;
				CLANG_ENABLE_MODULES = YES;
				GCC_C_LANGUAGE_STANDARD = c99;
				GCC_PREFIX_HEADER = "$(SRCROOT)/MJWeiBo/MJWeiBo.pch";
				INFOPLIST_FILE = MJWeiBo/Info.plist;
				LD_RUNPATH_SEARCH_PATHS = "$(inherited) @executable_path/Frameworks";
				PRODUCT_NAME = "$(TARGET_NAME)";
				SWIFT_OPTIMIZATION_LEVEL = "-Onone";
			};
			name = Debug;
		};
		CDCFCAEA1C451E6000CE30CC /* Release */ = {
			isa = XCBuildConfiguration;
			buildSettings = {
				ASSETCATALOG_COMPILER_APPICON_NAME = AppIcon;
				ASSETCATALOG_COMPILER_LAUNCHIMAGE_NAME = LaunchImage;
				CLANG_ENABLE_MODULES = YES;
				GCC_C_LANGUAGE_STANDARD = c99;
				GCC_PREFIX_HEADER = "$(SRCROOT)/MJWeiBo/MJWeiBo.pch";
				INFOPLIST_FILE = MJWeiBo/Info.plist;
				LD_RUNPATH_SEARCH_PATHS = "$(inherited) @executable_path/Frameworks";
				PRODUCT_NAME = "$(TARGET_NAME)";
			};
			name = Release;
		};
		CDCFCAEC1C451E6000CE30CC /* Debug */ = {
			isa = XCBuildConfiguration;
			buildSettings = {
				BUNDLE_LOADER = "$(TEST_HOST)";
				FRAMEWORK_SEARCH_PATHS = (
					"$(SDKROOT)/Developer/Library/Frameworks",
					"$(inherited)",
				);
				GCC_PREPROCESSOR_DEFINITIONS = (
					"DEBUG=1",
					"$(inherited)",
				);
				INFOPLIST_FILE = MJWeiBoTests/Info.plist;
				LD_RUNPATH_SEARCH_PATHS = "$(inherited) @executable_path/Frameworks @loader_path/Frameworks";
				PRODUCT_NAME = "$(TARGET_NAME)";
				TEST_HOST = "$(BUILT_PRODUCTS_DIR)/MJWeiBo.app/MJWeiBo";
			};
			name = Debug;
		};
		CDCFCAED1C451E6000CE30CC /* Release */ = {
			isa = XCBuildConfiguration;
			buildSettings = {
				BUNDLE_LOADER = "$(TEST_HOST)";
				FRAMEWORK_SEARCH_PATHS = (
					"$(SDKROOT)/Developer/Library/Frameworks",
					"$(inherited)",
				);
				INFOPLIST_FILE = MJWeiBoTests/Info.plist;
				LD_RUNPATH_SEARCH_PATHS = "$(inherited) @executable_path/Frameworks @loader_path/Frameworks";
				PRODUCT_NAME = "$(TARGET_NAME)";
				TEST_HOST = "$(BUILT_PRODUCTS_DIR)/MJWeiBo.app/MJWeiBo";
			};
			name = Release;
		};
/* End XCBuildConfiguration section */

/* Begin XCConfigurationList section */
		CDCFCAC01C451E5F00CE30CC /* Build configuration list for PBXProject "MJWeiBo" */ = {
			isa = XCConfigurationList;
			buildConfigurations = (
				CDCFCAE61C451E6000CE30CC /* Debug */,
				CDCFCAE71C451E6000CE30CC /* Release */,
			);
			defaultConfigurationIsVisible = 0;
			defaultConfigurationName = Release;
		};
		CDCFCAE81C451E6000CE30CC /* Build configuration list for PBXNativeTarget "MJWeiBo" */ = {
			isa = XCConfigurationList;
			buildConfigurations = (
				CDCFCAE91C451E6000CE30CC /* Debug */,
				CDCFCAEA1C451E6000CE30CC /* Release */,
			);
			defaultConfigurationIsVisible = 0;
			defaultConfigurationName = Release;
		};
		CDCFCAEB1C451E6000CE30CC /* Build configuration list for PBXNativeTarget "MJWeiBoTests" */ = {
			isa = XCConfigurationList;
			buildConfigurations = (
				CDCFCAEC1C451E6000CE30CC /* Debug */,
				CDCFCAED1C451E6000CE30CC /* Release */,
			);
			defaultConfigurationIsVisible = 0;
			defaultConfigurationName = Release;
		};
/* End XCConfigurationList section */
	};
	rootObject = CDCFCABD1C451E5F00CE30CC /* Project object */;
}
